
Microsoft Visual Studio Solution File, Format Version 12.00
# Visual Studio Version 17
VisualStudioVersion = 17.4.32804.182
MinimumVisualStudioVersion = 10.0.40219.1
Project("{9A19103F-16F7-4668-BE54-9A1E7A4F7556}") = "io.tbrt.FreeZvt", "io.tbrt.FreeZvt\io.tbrt.FreeZvt.csproj", "{B25199DD-2946-4222-A0C6-E68454D498DB}"
EndProject
Global
	GlobalSection(SolutionConfigurationPlatforms) = preSolution
		Debug|Any CPU = Debug|Any CPU
		Debug|ARM = Debug|ARM
		Debug|ARM64 = Debug|ARM64
		Debug|x64 = Debug|x64
		Debug|x86 = Debug|x86
		Release Unix|Any CPU = Release Unix|Any CPU
		Release Unix|ARM = Release Unix|ARM
		Release Unix|ARM64 = Release Unix|ARM64
		Release Unix|x64 = Release Unix|x64
		Release Unix|x86 = Release Unix|x86
		Release WIN|Any CPU = Release WIN|Any CPU
		Release WIN|ARM = Release WIN|ARM
		Release WIN|ARM64 = Release WIN|ARM64
		Release WIN|x64 = Release WIN|x64
		Release WIN|x86 = Release WIN|x86
		Release|Any CPU = Release|Any CPU
		Release|ARM = Release|ARM
		Release|ARM64 = Release|ARM64
		Release|x64 = Release|x64
		Release|x86 = Release|x86
	EndGlobalSection
	GlobalSection(ProjectConfigurationPlatforms) = postSolution
		{B25199DD-2946-4222-A0C6-E68454D498DB}.Debug|Any CPU.ActiveCfg = Debug|Any CPU
		{B25199DD-2946-4222-A0C6-E68454D498DB}.Debug|Any CPU.Build.0 = Debug|Any CPU
		{B25199DD-2946-4222-A0C6-E68454D498DB}.Debug|ARM.ActiveCfg = Debug|Any CPU
		{B25199DD-2946-4222-A0C6-E68454D498DB}.Debug|ARM.Build.0 = Debug|Any CPU
		{B25199DD-2946-4222-A0C6-E68454D498DB}.Debug|ARM64.ActiveCfg = Debug|Any CPU
		{B25199DD-2946-4222-A0C6-E68454D498DB}.Debug|ARM64.Build.0 = Debug|Any CPU
		{B25199DD-2946-4222-A0C6-E68454D498DB}.Debug|x64.ActiveCfg = Debug|Any CPU
		{B25199DD-2946-4222-A0C6-E68454D498DB}.Debug|x64.Build.0 = Debug|Any CPU
		{B25199DD-2946-4222-A0C6-E68454D498DB}.Debug|x86.ActiveCfg = Debug|Any CPU
		{B25199DD-2946-4222-A0C6-E68454D498DB}.Debug|x86.Build.0 = Debug|Any CPU
		{B25199DD-2946-4222-A0C6-E68454D498DB}.Release Unix|Any CPU.ActiveCfg = Release Unix|Any CPU
		{B25199DD-2946-4222-A0C6-E68454D498DB}.Release Unix|Any CPU.Build.0 = Release Unix|Any CPU
		{B25199DD-2946-4222-A0C6-E68454D498DB}.Release Unix|Any CPU.Deploy.0 = Release Unix|Any CPU
		{B25199DD-2946-4222-A0C6-E68454D498DB}.Release Unix|ARM.ActiveCfg = Release Unix|Any CPU
		{B25199DD-2946-4222-A0C6-E68454D498DB}.Release Unix|ARM.Build.0 = Release Unix|Any CPU
		{B25199DD-2946-4222-A0C6-E68454D498DB}.Release Unix|ARM64.ActiveCfg = Release Unix|Any CPU
		{B25199DD-2946-4222-A0C6-E68454D498DB}.Release Unix|ARM64.Build.0 = Release Unix|Any CPU
		{B25199DD-2946-4222-A0C6-E68454D498DB}.Release Unix|x64.ActiveCfg = Release Unix|Any CPU
		{B25199DD-2946-4222-A0C6-E68454D498DB}.Release Unix|x64.Build.0 = Release Unix|Any CPU
		{B25199DD-2946-4222-A0C6-E68454D498DB}.Release Unix|x86.ActiveCfg = Release Unix|Any CPU
		{B25199DD-2946-4222-A0C6-E68454D498DB}.Release Unix|x86.Build.0 = Release Unix|Any CPU
		{B25199DD-2946-4222-A0C6-E68454D498DB}.Release WIN|Any CPU.ActiveCfg = Release WIN|Any CPU
		{B25199DD-2946-4222-A0C6-E68454D498DB}.Release WIN|Any CPU.Build.0 = Release WIN|Any CPU
		{B25199DD-2946-4222-A0C6-E68454D498DB}.Release WIN|Any CPU.Deploy.0 = Release WIN|Any CPU
		{B25199DD-2946-4222-A0C6-E68454D498DB}.Release WIN|ARM.ActiveCfg = Release WIN|Any CPU
		{B25199DD-2946-4222-A0C6-E68454D498DB}.Release WIN|ARM.Build.0 = Release WIN|Any CPU
		{B25199DD-2946-4222-A0C6-E68454D498DB}.Release WIN|ARM64.ActiveCfg = Release WIN|Any CPU
		{B25199DD-2946-4222-A0C6-E68454D498DB}.Release WIN|ARM64.Build.0 = Release WIN|Any CPU
		{B25199DD-2946-4222-A0C6-E68454D498DB}.Release WIN|x64.ActiveCfg = Release WIN|Any CPU
		{B25199DD-2946-4222-A0C6-E68454D498DB}.Release WIN|x64.Build.0 = Release WIN|Any CPU
		{B25199DD-2946-4222-A0C6-E68454D498DB}.Release WIN|x86.ActiveCfg = Release WIN|Any CPU
		{B25199DD-2946-4222-A0C6-E68454D498DB}.Release WIN|x86.Build.0 = Release WIN|Any CPU
		{B25199DD-2946-4222-A0C6-E68454D498DB}.Release|Any CPU.ActiveCfg = Release|Any CPU
		{B25199DD-2946-4222-A0C6-E68454D498DB}.Release|Any CPU.Build.0 = Release|Any CPU
		{B25199DD-2946-4222-A0C6-E68454D498DB}.Release|ARM.ActiveCfg = Release|Any CPU
		{B25199DD-2946-4222-A0C6-E68454D498DB}.Release|ARM.Build.0 = Release|Any CPU
		{B25199DD-2946-4222-A0C6-E68454D498DB}.Release|ARM64.ActiveCfg = Release|Any CPU
		{B25199DD-2946-4222-A0C6-E68454D498DB}.Release|ARM64.Build.0 = Release|Any CPU
		{B25199DD-2946-4222-A0C6-E68454D498DB}.Release|x64.ActiveCfg = Release|Any CPU
		{B25199DD-2946-4222-A0C6-E68454D498DB}.Release|x64.Build.0 = Release|Any CPU
		{B25199DD-2946-4222-A0C6-E68454D498DB}.Release|x86.ActiveCfg = Release|Any CPU
		{B25199DD-2946-4222-A0C6-E68454D498DB}.Release|x86.Build.0 = Release|Any CPU
	EndGlobalSection
	GlobalSection(SolutionProperties) = preSolution
		HideSolutionNode = FALSE
	EndGlobalSection
	GlobalSection(ExtensibilityGlobals) = postSolution
		SolutionGuid = {F64D575C-DD75-4A27-BE0F-8FE103CA69A7}
	EndGlobalSection
EndGlobal
