
Microsoft Visual Studio Solution File, Format Version 12.00
Project("{FAE04EC0-301F-11D3-BF4B-00C04F79EFBC}") = "io.tbrt.FreeZvt", "io.tbrt.FreeZvt\io.tbrt.FreeZvt.csproj", "{B25199DD-2946-4222-A0C6-E68454D498DB}"
EndProject
Global
	GlobalSection(SolutionConfigurationPlatforms) = preSolution
		Debug|Any CPU = Debug|Any CPU
		Release|Any CPU = Release|Any CPU
	EndGlobalSection
	GlobalSection(ProjectConfigurationPlatforms) = postSolution
		{B25199DD-2946-4222-A0C6-E68454D498DB}.Debug|Any CPU.ActiveCfg = Debug|Any CPU
		{B25199DD-2946-4222-A0C6-E68454D498DB}.Debug|Any CPU.Build.0 = Debug|Any CPU
		{B25199DD-2946-4222-A0C6-E68454D498DB}.Release|Any CPU.ActiveCfg = Release|Any CPU
		{B25199DD-2946-4222-A0C6-E68454D498DB}.Release|Any CPU.Build.0 = Release|Any CPU
	EndGlobalSection
EndGlobal
